// !$*UTF8*$!
{
	archiveVersion = 1;
	classes = {
	};
	objectVersion = 46;
	objects = {

/* Begin PBXBuildFile section */
		0E21A6E7133D06FA0032899B /* Cocoa.framework in Frameworks */ = {isa = PBXBuildFile; fileRef = 0E21A6E6133D06FA0032899B /* Cocoa.framework */; };
		0E21A6E9133D06FA0032899B /* MacRuby.framework in Frameworks */ = {isa = PBXBuildFile; fileRef = 0E21A6E8133D06FA0032899B /* MacRuby.framework */; };
		0E21A6F0133D06FA0032899B /* InfoPlist.strings in Resources */ = {isa = PBXBuildFile; fileRef = 0E21A6EE133D06FA0032899B /* InfoPlist.strings */; };
		0E21A6F3133D06FA0032899B /* main.m in Sources */ = {isa = PBXBuildFile; fileRef = 0E21A6F2133D06FA0032899B /* main.m */; };
		0E21A6F7133D06FA0032899B /* MainMenu.xib in Resources */ = {isa = PBXBuildFile; fileRef = 0E21A6F5133D06FA0032899B /* MainMenu.xib */; };
		0E21A6FA133D06FA0032899B /* rb_main.rb in Resources */ = {isa = PBXBuildFile; fileRef = 0E21A6F9133D06FA0032899B /* rb_main.rb */; };
		0E21A6FC133D06FA0032899B /* AppDelegate.rb in Resources */ = {isa = PBXBuildFile; fileRef = 0E21A6FB133D06FA0032899B /* AppDelegate.rb */; };
		0E21A706133D07140032899B /* MyStatusMenu.rb in Resources */ = {isa = PBXBuildFile; fileRef = 0E21A705133D07140032899B /* MyStatusMenu.rb */; };
		0E4C6FE6133D092900DDC7C9 /* menubar-icon.png in Resources */ = {isa = PBXBuildFile; fileRef = 0E4C6FE5133D092900DDC7C9 /* menubar-icon.png */; };
		A39F915E1370B703007743D6 /* event.rb in Resources */ = {isa = PBXBuildFile; fileRef = A39F915D1370B703007743D6 /* event.rb */; };
		A3C191941377F82500CD2F3F /* events_20mar-21apr.csv in Resources */ = {isa = PBXBuildFile; fileRef = A3C191931377F82500CD2F3F /* events_20mar-21apr.csv */; };
/* End PBXBuildFile section */

/* Begin PBXFileReference section */
		0E21A6E2133D06FA0032899B /* pogodan-skinnyevents.app */ = {isa = PBXFileReference; explicitFileType = wrapper.application; includeInIndex = 0; path = "pogodan-skinnyevents.app"; sourceTree = BUILT_PRODUCTS_DIR; };
		0E21A6E6133D06FA0032899B /* Cocoa.framework */ = {isa = PBXFileReference; lastKnownFileType = wrapper.framework; name = Cocoa.framework; path = System/Library/Frameworks/Cocoa.framework; sourceTree = SDKROOT; };
		0E21A6E8133D06FA0032899B /* MacRuby.framework */ = {isa = PBXFileReference; lastKnownFileType = wrapper.framework; name = MacRuby.framework; path = System/Library/Frameworks/MacRuby.framework; sourceTree = SDKROOT; };
		0E21A6ED133D06FA0032899B /* pogodan-skinnyevents-Info.plist */ = {isa = PBXFileReference; lastKnownFileType = text.plist.xml; path = "pogodan-skinnyevents-Info.plist"; sourceTree = "<group>"; };
		0E21A6EF133D06FA0032899B /* en */ = {isa = PBXFileReference; lastKnownFileType = text.plist.strings; name = en; path = en.lproj/InfoPlist.strings; sourceTree = "<group>"; };
		0E21A6F1133D06FA0032899B /* pogodan-skinnyevents-Prefix.pch */ = {isa = PBXFileReference; lastKnownFileType = sourcecode.c.h; path = "pogodan-skinnyevents-Prefix.pch"; sourceTree = "<group>"; };
		0E21A6F2133D06FA0032899B /* main.m */ = {isa = PBXFileReference; lastKnownFileType = sourcecode.c.objc; path = main.m; sourceTree = "<group>"; };
		0E21A6F6133D06FA0032899B /* en */ = {isa = PBXFileReference; lastKnownFileType = file.xib; name = en; path = en.lproj/MainMenu.xib; sourceTree = "<group>"; };
		0E21A6F9133D06FA0032899B /* rb_main.rb */ = {isa = PBXFileReference; lastKnownFileType = text.script.ruby; path = rb_main.rb; sourceTree = "<group>"; };
		0E21A6FB133D06FA0032899B /* AppDelegate.rb */ = {isa = PBXFileReference; lastKnownFileType = text.script.ruby; path = AppDelegate.rb; sourceTree = "<group>"; };
		0E21A705133D07140032899B /* MyStatusMenu.rb */ = {isa = PBXFileReference; fileEncoding = 4; lastKnownFileType = text.script.ruby; path = MyStatusMenu.rb; sourceTree = "<group>"; };
		0E4C6FE5133D092900DDC7C9 /* menubar-icon.png */ = {isa = PBXFileReference; lastKnownFileType = image.png; path = "menubar-icon.png"; sourceTree = "<group>"; };
		A39F915D1370B703007743D6 /* event.rb */ = {isa = PBXFileReference; fileEncoding = 4; lastKnownFileType = text.script.ruby; path = event.rb; sourceTree = "<group>"; };
		A3C191931377F82500CD2F3F /* events_20mar-21apr.csv */ = {isa = PBXFileReference; fileEncoding = 4; lastKnownFileType = text; path = "events_20mar-21apr.csv"; sourceTree = "<group>"; };
/* End PBXFileReference section */

/* Begin PBXFrameworksBuildPhase section */
		0E21A6DF133D06FA0032899B /* Frameworks */ = {
			isa = PBXFrameworksBuildPhase;
			buildActionMask = 2147483647;
			files = (
				0E21A6E7133D06FA0032899B /* Cocoa.framework in Frameworks */,
				0E21A6E9133D06FA0032899B /* MacRuby.framework in Frameworks */,
			);
			runOnlyForDeploymentPostprocessing = 0;
		};
/* End PBXFrameworksBuildPhase section */

/* Begin PBXGroup section */
		0E21A6D7133D06F90032899B = {
			isa = PBXGroup;
			children = (
				0E21A6EB133D06FA0032899B /* pogodan-skinnyevents */,
				0E21A6E5133D06FA0032899B /* Frameworks */,
				0E21A6E3133D06FA0032899B /* Products */,
			);
			sourceTree = "<group>";
		};
		0E21A6E3133D06FA0032899B /* Products */ = {
			isa = PBXGroup;
			children = (
				0E21A6E2133D06FA0032899B /* pogodan-skinnyevents.app */,
			);
			name = Products;
			sourceTree = "<group>";
		};
		0E21A6E5133D06FA0032899B /* Frameworks */ = {
			isa = PBXGroup;
			children = (
				0E21A6E6133D06FA0032899B /* Cocoa.framework */,
				0E21A6E8133D06FA0032899B /* MacRuby.framework */,
			);
			name = Frameworks;
			sourceTree = "<group>";
		};
		0E21A6EB133D06FA0032899B /* pogodan-skinnyevents */ = {
			isa = PBXGroup;
			children = (
				A39F915D1370B703007743D6 /* event.rb */,
				0E21A6FB133D06FA0032899B /* AppDelegate.rb */,
				0E21A705133D07140032899B /* MyStatusMenu.rb */,
				0E21A6F4133D06FA0032899B /* Resources */,
				0E21A6F8133D06FA0032899B /* Other Sources */,
				0E21A6EC133D06FA0032899B /* Supporting Files */,
			);
			name = "pogodan-skinnyevents";
			path = "pogodan-skinnyevents";
			sourceTree = "<group>";
		};
		0E21A6EC133D06FA0032899B /* Supporting Files */ = {
			isa = PBXGroup;
			children = (
				A3C191931377F82500CD2F3F /* events_20mar-21apr.csv */,
				0E21A6ED133D06FA0032899B /* pogodan-skinnyevents-Info.plist */,
				0E21A6EE133D06FA0032899B /* InfoPlist.strings */,
				0E21A6F1133D06FA0032899B /* pogodan-skinnyevents-Prefix.pch */,
				0E21A6F2133D06FA0032899B /* main.m */,
			);
			name = "Supporting Files";
			sourceTree = "<group>";
		};
		0E21A6F4133D06FA0032899B /* Resources */ = {
			isa = PBXGroup;
			children = (
				0E4C6FE5133D092900DDC7C9 /* menubar-icon.png */,
				0E21A6F5133D06FA0032899B /* MainMenu.xib */,
			);
			name = Resources;
			sourceTree = "<group>";
		};
		0E21A6F8133D06FA0032899B /* Other Sources */ = {
			isa = PBXGroup;
			children = (
				0E21A6F9133D06FA0032899B /* rb_main.rb */,
			);
			name = "Other Sources";
			sourceTree = "<group>";
		};
/* End PBXGroup section */

/* Begin PBXLegacyTarget section */
		0E21A6EA133D06FA0032899B /* Deployment */ = {
			isa = PBXLegacyTarget;
			buildArgumentsString = "--compile --embed";
			buildConfigurationList = 0E21A702133D06FA0032899B /* Build configuration list for PBXLegacyTarget "Deployment" */;
			buildPhases = (
			);
			buildToolPath = /usr/local/bin/macruby_deploy;
			dependencies = (
			);
			name = Deployment;
			passBuildSettingsInEnvironment = 1;
			productName = Deployment;
		};
/* End PBXLegacyTarget section */

/* Begin PBXNativeTarget section */
		0E21A6E1133D06FA0032899B /* pogodan-skinnyevents */ = {
			isa = PBXNativeTarget;
			buildConfigurationList = 0E21A6FF133D06FA0032899B /* Build configuration list for PBXNativeTarget "pogodan-skinnyevents" */;
			buildPhases = (
				0E21A6DE133D06FA0032899B /* Sources */,
				0E21A6DF133D06FA0032899B /* Frameworks */,
				0E21A6E0133D06FA0032899B /* Resources */,
			);
			buildRules = (
			);
			dependencies = (
			);
			name = "pogodan-skinnyevents";
			productName = "pogodan-skinnyevents";
			productReference = 0E21A6E2133D06FA0032899B /* pogodan-skinnyevents.app */;
			productType = "com.apple.product-type.application";
		};
/* End PBXNativeTarget section */

/* Begin PBXProject section */
		0E21A6D9133D06F90032899B /* Project object */ = {
			isa = PBXProject;
			attributes = {
				ORGANIZATIONNAME = Ananasblau.com;
			};
			buildConfigurationList = 0E21A6DC133D06F90032899B /* Build configuration list for PBXProject "pogodan-skinnyevents" */;
			compatibilityVersion = "Xcode 3.2";
			developmentRegion = English;
			hasScannedForEncodings = 0;
			knownRegions = (
				en,
			);
			mainGroup = 0E21A6D7133D06F90032899B;
			productRefGroup = 0E21A6E3133D06FA0032899B /* Products */;
			projectDirPath = "";
			projectRoot = "";
			targets = (
				0E21A6E1133D06FA0032899B /* pogodan-skinnyevents */,
				0E21A6EA133D06FA0032899B /* Deployment */,
			);
		};
/* End PBXProject section */

/* Begin PBXResourcesBuildPhase section */
		0E21A6E0133D06FA0032899B /* Resources */ = {
			isa = PBXResourcesBuildPhase;
			buildActionMask = 2147483647;
			files = (
				0E21A6F0133D06FA0032899B /* InfoPlist.strings in Resources */,
				0E21A6F7133D06FA0032899B /* MainMenu.xib in Resources */,
				0E21A6FA133D06FA0032899B /* rb_main.rb in Resources */,
				0E21A6FC133D06FA0032899B /* AppDelegate.rb in Resources */,
				0E21A706133D07140032899B /* MyStatusMenu.rb in Resources */,
				0E4C6FE6133D092900DDC7C9 /* menubar-icon.png in Resources */,
				A39F915E1370B703007743D6 /* event.rb in Resources */,
				A3C191941377F82500CD2F3F /* events_20mar-21apr.csv in Resources */,
			);
			runOnlyForDeploymentPostprocessing = 0;
		};
/* End PBXResourcesBuildPhase section */

/* Begin PBXSourcesBuildPhase section */
		0E21A6DE133D06FA0032899B /* Sources */ = {
			isa = PBXSourcesBuildPhase;
			buildActionMask = 2147483647;
			files = (
				0E21A6F3133D06FA0032899B /* main.m in Sources */,
			);
			runOnlyForDeploymentPostprocessing = 0;
		};
/* End PBXSourcesBuildPhase section */

/* Begin PBXVariantGroup section */
		0E21A6EE133D06FA0032899B /* InfoPlist.strings */ = {
			isa = PBXVariantGroup;
			children = (
				0E21A6EF133D06FA0032899B /* en */,
			);
			name = InfoPlist.strings;
			sourceTree = "<group>";
		};
		0E21A6F5133D06FA0032899B /* MainMenu.xib */ = {
			isa = PBXVariantGroup;
			children = (
				0E21A6F6133D06FA0032899B /* en */,
			);
			name = MainMenu.xib;
			sourceTree = "<group>";
		};
/* End PBXVariantGroup section */

/* Begin XCBuildConfiguration section */
		0E21A6FD133D06FA0032899B /* Debug */ = {
			isa = XCBuildConfiguration;
			buildSettings = {
				ARCHS = "$(ARCHS_STANDARD_32_64_BIT)";
				GCC_C_LANGUAGE_STANDARD = gnu99;
				GCC_OPTIMIZATION_LEVEL = 0;
				GCC_PREPROCESSOR_DEFINITIONS = DEBUG;
				GCC_SYMBOLS_PRIVATE_EXTERN = NO;
				GCC_VERSION = com.apple.compilers.llvm.clang.1_0;
				GCC_WARN_64_TO_32_BIT_CONVERSION = YES;
				GCC_WARN_ABOUT_RETURN_TYPE = YES;
				GCC_WARN_UNUSED_VARIABLE = YES;
				MACOSX_DEPLOYMENT_TARGET = 10.6;
				ONLY_ACTIVE_ARCH = YES;
				SDKROOT = macosx;
				VALID_ARCHS = x86_64;
			};
			name = Debug;
		};
		0E21A6FE133D06FA0032899B /* Release */ = {
			isa = XCBuildConfiguration;
			buildSettings = {
				ARCHS = "$(ARCHS_STANDARD_32_64_BIT)";
				GCC_C_LANGUAGE_STANDARD = gnu99;
				GCC_VERSION = com.apple.compilers.llvm.clang.1_0;
				GCC_WARN_64_TO_32_BIT_CONVERSION = YES;
				GCC_WARN_ABOUT_RETURN_TYPE = YES;
				GCC_WARN_UNUSED_VARIABLE = YES;
				MACOSX_DEPLOYMENT_TARGET = 10.6;
				SDKROOT = macosx;
				VALID_ARCHS = x86_64;
			};
			name = Release;
		};
		0E21A700133D06FA0032899B /* Debug */ = {
			isa = XCBuildConfiguration;
			buildSettings = {
				ALWAYS_SEARCH_USER_PATHS = NO;
				COPY_PHASE_STRIP = NO;
				GCC_DYNAMIC_NO_PIC = NO;
				GCC_ENABLE_OBJC_EXCEPTIONS = YES;
				GCC_ENABLE_OBJC_GC = required;
				GCC_PRECOMPILE_PREFIX_HEADER = YES;
				GCC_PREFIX_HEADER = "pogodan-skinnyevents/pogodan-skinnyevents-Prefix.pch";
				INFOPLIST_FILE = "pogodan-skinnyevents/pogodan-skinnyevents-Info.plist";
				PRODUCT_NAME = "pogodan-skinnyevents";
				WRAPPER_EXTENSION = app;
			};
			name = Debug;
		};
		0E21A701133D06FA0032899B /* Release */ = {
			isa = XCBuildConfiguration;
			buildSettings = {
				ALWAYS_SEARCH_USER_PATHS = NO;
				COPY_PHASE_STRIP = YES;
				DEBUG_INFORMATION_FORMAT = "dwarf-with-dsym";
				GCC_ENABLE_OBJC_EXCEPTIONS = YES;
				GCC_ENABLE_OBJC_GC = required;
				GCC_PRECOMPILE_PREFIX_HEADER = YES;
				GCC_PREFIX_HEADER = "pogodan-skinnyevents/pogodan-skinnyevents-Prefix.pch";
				INFOPLIST_FILE = "pogodan-skinnyevents/pogodan-skinnyevents-Info.plist";
				PRODUCT_NAME = "pogodan-skinnyevents";
				WRAPPER_EXTENSION = app;
			};
			name = Release;
		};
		0E21A703133D06FA0032899B /* Debug */ = {
			isa = XCBuildConfiguration;
			buildSettings = {
			};
			name = Debug;
		};
		0E21A704133D06FA0032899B /* Release */ = {
			isa = XCBuildConfiguration;
			buildSettings = {
			};
			name = Release;
		};
/* End XCBuildConfiguration section */

/* Begin XCConfigurationList section */
		0E21A6DC133D06F90032899B /* Build configuration list for PBXProject "pogodan-skinnyevents" */ = {
			isa = XCConfigurationList;
			buildConfigurations = (
				0E21A6FD133D06FA0032899B /* Debug */,
				0E21A6FE133D06FA0032899B /* Release */,
			);
			defaultConfigurationIsVisible = 0;
			defaultConfigurationName = Release;
		};
		0E21A6FF133D06FA0032899B /* Build configuration list for PBXNativeTarget "pogodan-skinnyevents" */ = {
			isa = XCConfigurationList;
			buildConfigurations = (
				0E21A700133D06FA0032899B /* Debug */,
				0E21A701133D06FA0032899B /* Release */,
			);
			defaultConfigurationIsVisible = 0;
			defaultConfigurationName = Release;
		};
		0E21A702133D06FA0032899B /* Build configuration list for PBXLegacyTarget "Deployment" */ = {
			isa = XCConfigurationList;
			buildConfigurations = (
				0E21A703133D06FA0032899B /* Debug */,
				0E21A704133D06FA0032899B /* Release */,
			);
			defaultConfigurationIsVisible = 0;
			defaultConfigurationName = Release;
		};
/* End XCConfigurationList section */
	};
	rootObject = 0E21A6D9133D06F90032899B /* Project object */;
}
